
Microsoft Visual Studio Solution File, Format Version 12.00
# Visual Studio Version 17
VisualStudioVersion = 17.11.35303.130
MinimumVisualStudioVersion = 10.0.40219.1
Project("{FAE04EC0-301F-11D3-BF4B-00C04F79EFBC}") = "Ejercicio2", "WindowsFormsApp1\Ejercicio2.csproj", "{BEE221A2-4ADB-4D2D-8CE6-D01D63E13F73}"
EndProject
Global
	GlobalSection(SolutionConfigurationPlatforms) = preSolution
		Debug|Any CPU = Debug|Any CPU
		Release|Any CPU = Release|Any CPU
	EndGlobalSection
	GlobalSection(ProjectConfigurationPlatforms) = postSolution
		{BEE221A2-4ADB-4D2D-8CE6-D01D63E13F73}.Debug|Any CPU.ActiveCfg = Debug|Any CPU
		{BEE221A2-4ADB-4D2D-8CE6-D01D63E13F73}.Debug|Any CPU.Build.0 = Debug|Any CPU
		{BEE221A2-4ADB-4D2D-8CE6-D01D63E13F73}.Release|Any CPU.ActiveCfg = Release|Any CPU
		{BEE221A2-4ADB-4D2D-8CE6-D01D63E13F73}.Release|Any CPU.Build.0 = Release|Any CPU
	EndGlobalSection
	GlobalSection(SolutionProperties) = preSolution
		HideSolutionNode = FALSE
	EndGlobalSection
	GlobalSection(ExtensibilityGlobals) = postSolution
		SolutionGuid = {4EEC8EBA-9421-43CC-BA20-B9213363ADD1}
	EndGlobalSection
EndGlobal
